
Microsoft Visual Studio Solution File, Format Version 12.00
# Visual Studio Version 17
VisualStudioVersion = 17.0.31903.59
MinimumVisualStudioVersion = 10.0.40219.1
Project("{FAE04EC0-301F-11D3-BF4B-00C04F79EFBC}") = "MiniRPG.Tests", "MiniRPG.Tests\MiniRPG.Tests.csproj", "{0AEE6728-47F4-4121-83BD-63EF15D336B5}"
EndProject
Project("{FAE04EC0-301F-11D3-BF4B-00C04F79EFBC}") = "MiniRPG.Logic", "MiniRPG.Logic\MiniRPG.Logic.csproj", "{03C65F7C-4204-4CF3-A2B6-C6D846FB5A2D}"
EndProject
Project("{2150E333-8FDC-42A3-9474-1A3956D46DE8}") = "Solution Items", "Solution Items", "{FA3360BE-34FD-4F4C-AF67-D570E0D82D5F}"
	ProjectSection(SolutionItems) = preProject
		..\.github\workflows\dotnet-workflow.yml = ..\.github\workflows\dotnet-workflow.yml
		..\.github\workflows\unity-workflow.yml = ..\.github\workflows\unity-workflow.yml
	EndProjectSection
EndProject
Global
	GlobalSection(SolutionConfigurationPlatforms) = preSolution
		Debug|Any CPU = Debug|Any CPU
		Release|Any CPU = Release|Any CPU
	EndGlobalSection
	GlobalSection(ProjectConfigurationPlatforms) = postSolution
		{0AEE6728-47F4-4121-83BD-63EF15D336B5}.Debug|Any CPU.ActiveCfg = Debug|Any CPU
		{0AEE6728-47F4-4121-83BD-63EF15D336B5}.Debug|Any CPU.Build.0 = Debug|Any CPU
		{0AEE6728-47F4-4121-83BD-63EF15D336B5}.Release|Any CPU.ActiveCfg = Release|Any CPU
		{0AEE6728-47F4-4121-83BD-63EF15D336B5}.Release|Any CPU.Build.0 = Release|Any CPU
		{03C65F7C-4204-4CF3-A2B6-C6D846FB5A2D}.Debug|Any CPU.ActiveCfg = Debug|Any CPU
		{03C65F7C-4204-4CF3-A2B6-C6D846FB5A2D}.Debug|Any CPU.Build.0 = Debug|Any CPU
		{03C65F7C-4204-4CF3-A2B6-C6D846FB5A2D}.Release|Any CPU.ActiveCfg = Release|Any CPU
		{03C65F7C-4204-4CF3-A2B6-C6D846FB5A2D}.Release|Any CPU.Build.0 = Release|Any CPU
	EndGlobalSection
	GlobalSection(SolutionProperties) = preSolution
		HideSolutionNode = FALSE
	EndGlobalSection
EndGlobal
